
Microsoft Visual Studio Solution File, Format Version 12.00
# Visual Studio Version 17
VisualStudioVersion = 17.5.33103.201
MinimumVisualStudioVersion = 10.0.40219.1
Project("{2150E333-8FDC-42A3-9474-1A3956D46DE8}") = "src", "src", "{736BAD0C-920F-46D7-8B12-A1B186F93CC1}"
EndProject
Project("{2150E333-8FDC-42A3-9474-1A3956D46DE8}") = "Solution Items", "Solution Items", "{E475F9AD-B68C-439F-897A-5E341378B21A}"
	ProjectSection(SolutionItems) = preProject
		CODE-OF-CONDUCT.md = CODE-OF-CONDUCT.md
		..\CONTRIBUTING.md = ..\CONTRIBUTING.md
		..\README.md = ..\README.md
	EndProjectSection
EndProject
Project("{9A19103F-16F7-4668-BE54-9A1E7A4F7556}") = "Semi.Design.Blazor", "Semi.Design.Blazor\Semi.Design.Blazor.csproj", "{CB00A79A-B17E-4476-A7DC-3F1F4477A3AC}"
EndProject
Project("{9A19103F-16F7-4668-BE54-9A1E7A4F7556}") = "Semi.Design.Docs.Server", "Docs\Semi.Design.Docs.Server\Semi.Design.Docs.Server.csproj", "{2E48FFAF-B4C7-463A-9113-8BCE2BD89C00}"
EndProject
Project("{9A19103F-16F7-4668-BE54-9A1E7A4F7556}") = "Semi.Design.Shared", "Docs\Semi.Design.Shared\Semi.Design.Shared.csproj", "{8DF55B16-2F3C-4FEF-8AD0-BA8363E0A23E}"
EndProject
Project("{9A19103F-16F7-4668-BE54-9A1E7A4F7556}") = "Semi.Design.Docs.WebAssembly", "Docs\Semi.Design.Docs.WebAssembly\Semi.Design.Docs.WebAssembly.csproj", "{D41804C8-2E7A-4E47-AA68-E8C97A6CF58A}"
EndProject
Project("{9A19103F-16F7-4668-BE54-9A1E7A4F7556}") = "Semi.Design.CodeRendering", "..\..\semi-design-codeRendering\src\Semi.Design.CodeRendering\Semi.Design.CodeRendering.csproj", "{6D17FB76-202F-463B-979B-A2CEC4B94DFB}"
EndProject
Global
	GlobalSection(SolutionConfigurationPlatforms) = preSolution
		Debug|Any CPU = Debug|Any CPU
		Release|Any CPU = Release|Any CPU
	EndGlobalSection
	GlobalSection(ProjectConfigurationPlatforms) = postSolution
		{CB00A79A-B17E-4476-A7DC-3F1F4477A3AC}.Debug|Any CPU.ActiveCfg = Debug|Any CPU
		{CB00A79A-B17E-4476-A7DC-3F1F4477A3AC}.Debug|Any CPU.Build.0 = Debug|Any CPU
		{CB00A79A-B17E-4476-A7DC-3F1F4477A3AC}.Release|Any CPU.ActiveCfg = Release|Any CPU
		{CB00A79A-B17E-4476-A7DC-3F1F4477A3AC}.Release|Any CPU.Build.0 = Release|Any CPU
		{2E48FFAF-B4C7-463A-9113-8BCE2BD89C00}.Debug|Any CPU.ActiveCfg = Debug|Any CPU
		{2E48FFAF-B4C7-463A-9113-8BCE2BD89C00}.Debug|Any CPU.Build.0 = Debug|Any CPU
		{2E48FFAF-B4C7-463A-9113-8BCE2BD89C00}.Release|Any CPU.ActiveCfg = Release|Any CPU
		{2E48FFAF-B4C7-463A-9113-8BCE2BD89C00}.Release|Any CPU.Build.0 = Release|Any CPU
		{8DF55B16-2F3C-4FEF-8AD0-BA8363E0A23E}.Debug|Any CPU.ActiveCfg = Debug|Any CPU
		{8DF55B16-2F3C-4FEF-8AD0-BA8363E0A23E}.Debug|Any CPU.Build.0 = Debug|Any CPU
		{8DF55B16-2F3C-4FEF-8AD0-BA8363E0A23E}.Release|Any CPU.ActiveCfg = Release|Any CPU
		{8DF55B16-2F3C-4FEF-8AD0-BA8363E0A23E}.Release|Any CPU.Build.0 = Release|Any CPU
		{D41804C8-2E7A-4E47-AA68-E8C97A6CF58A}.Debug|Any CPU.ActiveCfg = Debug|Any CPU
		{D41804C8-2E7A-4E47-AA68-E8C97A6CF58A}.Debug|Any CPU.Build.0 = Debug|Any CPU
		{D41804C8-2E7A-4E47-AA68-E8C97A6CF58A}.Release|Any CPU.ActiveCfg = Release|Any CPU
		{D41804C8-2E7A-4E47-AA68-E8C97A6CF58A}.Release|Any CPU.Build.0 = Release|Any CPU
		{6D17FB76-202F-463B-979B-A2CEC4B94DFB}.Debug|Any CPU.ActiveCfg = Debug|Any CPU
		{6D17FB76-202F-463B-979B-A2CEC4B94DFB}.Debug|Any CPU.Build.0 = Debug|Any CPU
		{6D17FB76-202F-463B-979B-A2CEC4B94DFB}.Release|Any CPU.ActiveCfg = Release|Any CPU
		{6D17FB76-202F-463B-979B-A2CEC4B94DFB}.Release|Any CPU.Build.0 = Release|Any CPU
	EndGlobalSection
	GlobalSection(SolutionProperties) = preSolution
		HideSolutionNode = FALSE
	EndGlobalSection
	GlobalSection(NestedProjects) = preSolution
		{CB00A79A-B17E-4476-A7DC-3F1F4477A3AC} = {736BAD0C-920F-46D7-8B12-A1B186F93CC1}
		{2E48FFAF-B4C7-463A-9113-8BCE2BD89C00} = {736BAD0C-920F-46D7-8B12-A1B186F93CC1}
		{8DF55B16-2F3C-4FEF-8AD0-BA8363E0A23E} = {736BAD0C-920F-46D7-8B12-A1B186F93CC1}
		{D41804C8-2E7A-4E47-AA68-E8C97A6CF58A} = {736BAD0C-920F-46D7-8B12-A1B186F93CC1}
		{6D17FB76-202F-463B-979B-A2CEC4B94DFB} = {736BAD0C-920F-46D7-8B12-A1B186F93CC1}
	EndGlobalSection
	GlobalSection(ExtensibilityGlobals) = postSolution
		SolutionGuid = {797E234C-D162-4177-8704-E201254D4677}
	EndGlobalSection
EndGlobal
